
Microsoft Visual Studio Solution File, Format Version 12.00
# Visual Studio Version 17
VisualStudioVersion = 17.3.32922.545
MinimumVisualStudioVersion = 10.0.40219.1
Project("{FAE04EC0-301F-11D3-BF4B-00C04F79EFBC}") = "Omnific", "Omnific\Omnific.csproj", "{05B28BC8-1E59-45FD-8F70-FD1214B53FF3}"
EndProject
Project("{FAE04EC0-301F-11D3-BF4B-00C04F79EFBC}") = "Omnific.Test", "Omnific.Test\Omnific.Test.csproj", "{A1AE6D54-8AE3-46E3-A0E7-00563A7D4337}"
EndProject
Global
	GlobalSection(SolutionConfigurationPlatforms) = preSolution
		Debug|Any CPU = Debug|Any CPU
		Release|Any CPU = Release|Any CPU
	EndGlobalSection
	GlobalSection(ProjectConfigurationPlatforms) = postSolution
		{05B28BC8-1E59-45FD-8F70-FD1214B53FF3}.Debug|Any CPU.ActiveCfg = Debug|Any CPU
		{05B28BC8-1E59-45FD-8F70-FD1214B53FF3}.Debug|Any CPU.Build.0 = Debug|Any CPU
		{05B28BC8-1E59-45FD-8F70-FD1214B53FF3}.Release|Any CPU.ActiveCfg = Release|Any CPU
		{05B28BC8-1E59-45FD-8F70-FD1214B53FF3}.Release|Any CPU.Build.0 = Release|Any CPU
		{A1AE6D54-8AE3-46E3-A0E7-00563A7D4337}.Debug|Any CPU.ActiveCfg = Debug|Any CPU
		{A1AE6D54-8AE3-46E3-A0E7-00563A7D4337}.Debug|Any CPU.Build.0 = Debug|Any CPU
		{A1AE6D54-8AE3-46E3-A0E7-00563A7D4337}.Release|Any CPU.ActiveCfg = Release|Any CPU
		{A1AE6D54-8AE3-46E3-A0E7-00563A7D4337}.Release|Any CPU.Build.0 = Release|Any CPU
	EndGlobalSection
	GlobalSection(SolutionProperties) = preSolution
		HideSolutionNode = FALSE
	EndGlobalSection
	GlobalSection(ExtensibilityGlobals) = postSolution
		SolutionGuid = {16DC8421-55C5-408A-BC40-90E72BE3AC49}
	EndGlobalSection
EndGlobal
